
Microsoft Visual Studio Solution File, Format Version 12.00
# Visual Studio Version 17
VisualStudioVersion = 17.4.33103.184
MinimumVisualStudioVersion = 10.0.40219.1
Project("{FAE04EC0-301F-11D3-BF4B-00C04F79EFBC}") = "Korisnici", "Korisnici\Korisnici.csproj", "{83C352A4-0905-44D5-A5B0-ADF3E7236276}"
EndProject
Global
	GlobalSection(SolutionConfigurationPlatforms) = preSolution
		Debug|Any CPU = Debug|Any CPU
		Release|Any CPU = Release|Any CPU
	EndGlobalSection
	GlobalSection(ProjectConfigurationPlatforms) = postSolution
		{83C352A4-0905-44D5-A5B0-ADF3E7236276}.Debug|Any CPU.ActiveCfg = Debug|Any CPU
		{83C352A4-0905-44D5-A5B0-ADF3E7236276}.Debug|Any CPU.Build.0 = Debug|Any CPU
		{83C352A4-0905-44D5-A5B0-ADF3E7236276}.Release|Any CPU.ActiveCfg = Release|Any CPU
		{83C352A4-0905-44D5-A5B0-ADF3E7236276}.Release|Any CPU.Build.0 = Release|Any CPU
	EndGlobalSection
	GlobalSection(SolutionProperties) = preSolution
		HideSolutionNode = FALSE
	EndGlobalSection
	GlobalSection(ExtensibilityGlobals) = postSolution
		SolutionGuid = {DD7F9749-C954-46CA-8F7C-5BD4E3F10F3B}
	EndGlobalSection
EndGlobal
