
Microsoft Visual Studio Solution File, Format Version 12.00
# Visual Studio Version 17
VisualStudioVersion = 17.4.33122.133
MinimumVisualStudioVersion = 10.0.40219.1
Project("{FAE04EC0-301F-11D3-BF4B-00C04F79EFBC}") = "KatastarskaOpstinaService", "KatastarskaOpstinaService\KatastarskaOpstinaService.csproj", "{4C6EB7FE-8F1D-411B-9F04-C1B39B2647BA}"
EndProject
Global
	GlobalSection(SolutionConfigurationPlatforms) = preSolution
		Debug|Any CPU = Debug|Any CPU
		Release|Any CPU = Release|Any CPU
	EndGlobalSection
	GlobalSection(ProjectConfigurationPlatforms) = postSolution
		{4C6EB7FE-8F1D-411B-9F04-C1B39B2647BA}.Debug|Any CPU.ActiveCfg = Debug|Any CPU
		{4C6EB7FE-8F1D-411B-9F04-C1B39B2647BA}.Debug|Any CPU.Build.0 = Debug|Any CPU
		{4C6EB7FE-8F1D-411B-9F04-C1B39B2647BA}.Release|Any CPU.ActiveCfg = Release|Any CPU
		{4C6EB7FE-8F1D-411B-9F04-C1B39B2647BA}.Release|Any CPU.Build.0 = Release|Any CPU
	EndGlobalSection
	GlobalSection(SolutionProperties) = preSolution
		HideSolutionNode = FALSE
	EndGlobalSection
	GlobalSection(ExtensibilityGlobals) = postSolution
		SolutionGuid = {BA5D596B-303E-4596-A822-EB0A46FAE1DA}
	EndGlobalSection
EndGlobal
