
Microsoft Visual Studio Solution File, Format Version 12.00
# Visual Studio Version 16
VisualStudioVersion = 16.0.32929.386
MinimumVisualStudioVersion = 10.0.40219.1
Project("{FAE04EC0-301F-11D3-BF4B-00C04F79EFBC}") = "UplataService", "UplataService\UplataService.csproj", "{052E9BEE-77BC-4EBF-AA4D-C7B614800E65}"
EndProject
Global
	GlobalSection(SolutionConfigurationPlatforms) = preSolution
		Debug|Any CPU = Debug|Any CPU
		Release|Any CPU = Release|Any CPU
	EndGlobalSection
	GlobalSection(ProjectConfigurationPlatforms) = postSolution
		{052E9BEE-77BC-4EBF-AA4D-C7B614800E65}.Debug|Any CPU.ActiveCfg = Debug|Any CPU
		{052E9BEE-77BC-4EBF-AA4D-C7B614800E65}.Debug|Any CPU.Build.0 = Debug|Any CPU
		{052E9BEE-77BC-4EBF-AA4D-C7B614800E65}.Release|Any CPU.ActiveCfg = Release|Any CPU
		{052E9BEE-77BC-4EBF-AA4D-C7B614800E65}.Release|Any CPU.Build.0 = Release|Any CPU
	EndGlobalSection
	GlobalSection(SolutionProperties) = preSolution
		HideSolutionNode = FALSE
	EndGlobalSection
	GlobalSection(ExtensibilityGlobals) = postSolution
		SolutionGuid = {7909A17B-B32A-4025-9FD2-10B91E63E438}
	EndGlobalSection
EndGlobal
